{
  "name": "Calendar",
  "lockfileVersion": 2,
  "requires": true,
  "packages": {
    "": {
      "dependencies": {
        "dycalendarjs": "^1.2.1"
      }
    },
    "node_modules/dycalendarjs": {
      "version": "1.2.1",
      "resolved": "https://registry.npmjs.org/dycalendarjs/-/dycalendarjs-1.2.1.tgz",
      "integrity": "sha512-21wSEM4lsPr9zP0PUVUyd3CYnMNRMXs+qrqqSMykHcVscZzzfOWqc/K8BWPhRu1iBzHsB0vJYt/vFKimaqWKVQ=="
    }
  },
  "dependencies": {
    "dycalendarjs": {
      "version": "1.2.1",
      "resolved": "https://registry.npmjs.org/dycalendarjs/-/dycalendarjs-1.2.1.tgz",
      "integrity": "sha512-21wSEM4lsPr9zP0PUVUyd3CYnMNRMXs+qrqqSMykHcVscZzzfOWqc/K8BWPhRu1iBzHsB0vJYt/vFKimaqWKVQ=="
    }
  }
}
